{
  "name": "whatsapp-ai-bot",
  "version": "1.0.0",
  "lockfileVersion": 2,
  "requires": true,
  "packages": {
    "": {
      "name": "whatsapp-ai-bot",
      "version": "1.0.0",
      "dependencies": {
        "@whiskeysockets/baileys": "^6.6.0",
        "qrcode": "^1.5.3",
        "express": "^4.18.2",
        "socket.io": "^4.7.4",
        "dotenv": "^16.3.1",
        "mongoose": "^8.0.3",
        "axios": "^1.6.2",
        "moment": "^2.29.4",
        "fs-extra": "^11.1.1",
        "path": "^0.12.7",
        "canvas": "^2.11.2",
        "sharp": "^0.32.6",
        "crypto": "^1.0.1",
        "bcryptjs": "^2.4.3",
        "jsonwebtoken": "^9.0.2",
        "helmet": "^7.1.0",
        "cors": "^2.8.5",
        "compression": "^1.7.4",
        "rate-limiter-flexible": "^2.4.2",
        "winston": "^3.11.0",
        "winston-daily-rotate-file": "^4.7.1",
        "node-cron": "^3.0.3",
        "uuid": "^9.0.1",
        "validator": "^13.11.0",
        "sanitize-html": "^2.12.1"
      },
      "devDependencies": {
        "nodemon": "^3.0.2",
        "eslint": "^8.56.0",
        "prettier": "^3.1.1"
      }
    }
  }
} 